{
  "name": "DatingApp",
  "lockfileVersion": 3,
  "requires": true,
  "packages": {
    "": {
      "dependencies": {
        "ngx-toaster": "^1.0.1",
        "ngx-toastr": "^19.0.0"
      }
    },
    "node_modules/@angular/common": {
      "version": "18.2.3",
      "resolved": "https://registry.npmjs.org/@angular/common/-/common-18.2.3.tgz",
      "integrity": "sha512-NFL4yXXImSCH7i1xnHykUjHa9vl9827fGiwSV2mnf7LjSUsyDzFD8/54dNuYN9OY8AUD+PnK0YdNro6cczVyIA==",
      "license": "MIT",
      "peer": true,
      "dependencies": {
        "tslib": "^2.3.0"
      },
      "engines": {
        "node": "^18.19.1 || ^20.11.1 || >=22.0.0"
      },
      "peerDependencies": {
        "@angular/core": "18.2.3",
        "rxjs": "^6.5.3 || ^7.4.0"
      }
    },
    "node_modules/@angular/compiler": {
      "version": "18.2.3",
      "resolved": "https://registry.npmjs.org/@angular/compiler/-/compiler-18.2.3.tgz",
      "integrity": "sha512-Il3ljs0j1GaYoqYFdShjUP1ryck5xTOaA8uQuRgqwU0FOwEDfugSAM3Qf7nJx/sgxTM0Lm/Nrdv2u6i1gZWeuQ==",
      "license": "MIT",
      "peer": true,
      "dependencies": {
        "tslib": "^2.3.0"
      },
      "engines": {
        "node": "^18.19.1 || ^20.11.1 || >=22.0.0"
      },
      "peerDependencies": {
        "@angular/core": "18.2.3"
      },
      "peerDependenciesMeta": {
        "@angular/core": {
          "optional": true
        }
      }
    },
    "node_modules/@angular/core": {
      "version": "18.2.3",
      "resolved": "https://registry.npmjs.org/@angular/core/-/core-18.2.3.tgz",
      "integrity": "sha512-VGhMJxj7d0rYpqVfQrcGRB7EE/BCziotft/I/YPl6bOMPSAvMukG7DXQuJdYpNrr62ks78mlzHlZX/cdmB9Prw==",
      "license": "MIT",
      "peer": true,
      "dependencies": {
        "tslib": "^2.3.0"
      },
      "engines": {
        "node": "^18.19.1 || ^20.11.1 || >=22.0.0"
      },
      "peerDependencies": {
        "rxjs": "^6.5.3 || ^7.4.0",
        "zone.js": "~0.14.10"
      }
    },
    "node_modules/@angular/forms": {
      "version": "18.2.3",
      "resolved": "https://registry.npmjs.org/@angular/forms/-/forms-18.2.3.tgz",
      "integrity": "sha512-+OBaAH0e8hue9eyLnbgpxg1/X9fps6bwXECfJ0nL5BDPU5itZ428YJbEnj5bTx0hEbqfTRiV4LgexdI+D9eOpw==",
      "license": "MIT",
      "peer": true,
      "dependencies": {
        "tslib": "^2.3.0"
      },
      "engines": {
        "node": "^18.19.1 || ^20.11.1 || >=22.0.0"
      },
      "peerDependencies": {
        "@angular/common": "18.2.3",
        "@angular/core": "18.2.3",
        "@angular/platform-browser": "18.2.3",
        "rxjs": "^6.5.3 || ^7.4.0"
      }
    },
    "node_modules/@angular/platform-browser": {
      "version": "18.2.3",
      "resolved": "https://registry.npmjs.org/@angular/platform-browser/-/platform-browser-18.2.3.tgz",
      "integrity": "sha512-M2ob4zN7tAcL2mx7U6KnZNqNFPFl9MlPBE0FrjQjIzAjU0wSYPIJXmaPu9aMUp9niyo+He5iX98I+URi2Yc99g==",
      "license": "MIT",
      "peer": true,
      "dependencies": {
        "tslib": "^2.3.0"
      },
      "engines": {
        "node": "^18.19.1 || ^20.11.1 || >=22.0.0"
      },
      "peerDependencies": {
        "@angular/animations": "18.2.3",
        "@angular/common": "18.2.3",
        "@angular/core": "18.2.3"
      },
      "peerDependenciesMeta": {
        "@angular/animations": {
          "optional": true
        }
      }
    },
    "node_modules/ngx-toaster": {
      "version": "1.0.1",
      "resolved": "https://registry.npmjs.org/ngx-toaster/-/ngx-toaster-1.0.1.tgz",
      "integrity": "sha512-2XxTCT7+EWffb8wDpMLiFhwwZJ4B36Y1RM4m3rgG2cCt/8edsj3UzvqZjapF5wKwB+Jz8lVuVYJ94Hztcj83Cg==",
      "license": "MIT",
      "peerDependencies": {
        "@angular/common": ">=4.3.0 || >5.0.0",
        "@angular/compiler": ">=4.3.0 || >5.0.0",
        "@angular/core": ">=4.3.0 || >5.0.0",
        "@angular/forms": ">=4.3.0 || >5.0.0",
        "rxjs": ">=5.4.3",
        "typescript": ">=2.3.0"
      }
    },
    "node_modules/ngx-toastr": {
      "version": "19.0.0",
      "resolved": "https://registry.npmjs.org/ngx-toastr/-/ngx-toastr-19.0.0.tgz",
      "integrity": "sha512-6pTnktwwWD+kx342wuMOWB4+bkyX9221pAgGz3SHOJH0/MI9erLucS8PeeJDFwbUYyh75nQ6AzVtolgHxi52dQ==",
      "license": "MIT",
      "dependencies": {
        "tslib": "^2.3.0"
      },
      "peerDependencies": {
        "@angular/common": ">=16.0.0-0",
        "@angular/core": ">=16.0.0-0",
        "@angular/platform-browser": ">=16.0.0-0"
      }
    },
    "node_modules/rxjs": {
      "version": "7.8.1",
      "resolved": "https://registry.npmjs.org/rxjs/-/rxjs-7.8.1.tgz",
      "integrity": "sha512-AA3TVj+0A2iuIoQkWEK/tqFjBq2j+6PO6Y0zJcvzLAFhEFIO3HL0vls9hWLncZbAAbK0mar7oZ4V079I/qPMxg==",
      "license": "Apache-2.0",
      "peer": true,
      "dependencies": {
        "tslib": "^2.1.0"
      }
    },
    "node_modules/tslib": {
      "version": "2.7.0",
      "resolved": "https://registry.npmjs.org/tslib/-/tslib-2.7.0.tgz",
      "integrity": "sha512-gLXCKdN1/j47AiHiOkJN69hJmcbGTHI0ImLmbYLHykhgeN0jVGola9yVjFgzCUklsZQMW55o+dW7IXv3RCXDzA==",
      "license": "0BSD"
    },
    "node_modules/typescript": {
      "version": "5.5.4",
      "resolved": "https://registry.npmjs.org/typescript/-/typescript-5.5.4.tgz",
      "integrity": "sha512-Mtq29sKDAEYP7aljRgtPOpTvOfbwRWlS6dPRzwjdE+C0R4brX/GUyhHSecbHMFLNBLcJIPt9nl9yG5TZ1weH+Q==",
      "license": "Apache-2.0",
      "peer": true,
      "bin": {
        "tsc": "bin/tsc",
        "tsserver": "bin/tsserver"
      },
      "engines": {
        "node": ">=14.17"
      }
    },
    "node_modules/zone.js": {
      "version": "0.14.10",
      "resolved": "https://registry.npmjs.org/zone.js/-/zone.js-0.14.10.tgz",
      "integrity": "sha512-YGAhaO7J5ywOXW6InXNlLmfU194F8lVgu7bRntUF3TiG8Y3nBK0x1UJJuHUP/e8IyihkjCYqhCScpSwnlaSRkQ==",
      "license": "MIT",
      "peer": true
    }
  }
}
